
Microsoft Visual Studio Solution File, Format Version 12.00
# Visual Studio Version 17
VisualStudioVersion = 17.8.34511.84
MinimumVisualStudioVersion = 10.0.40219.1
Project("{FAE04EC0-301F-11D3-BF4B-00C04F79EFBC}") = "SQLVersionConsoleApp", "SQLVersionConsoleApp.csproj", "{06794808-17E8-4DF5-98E9-00B0E777B66B}"
EndProject
Global
	GlobalSection(SolutionConfigurationPlatforms) = preSolution
		Debug|Any CPU = Debug|Any CPU
		Release|Any CPU = Release|Any CPU
	EndGlobalSection
	GlobalSection(ProjectConfigurationPlatforms) = postSolution
		{06794808-17E8-4DF5-98E9-00B0E777B66B}.Debug|Any CPU.ActiveCfg = Debug|Any CPU
		{06794808-17E8-4DF5-98E9-00B0E777B66B}.Debug|Any CPU.Build.0 = Debug|Any CPU
		{06794808-17E8-4DF5-98E9-00B0E777B66B}.Release|Any CPU.ActiveCfg = Release|Any CPU
		{06794808-17E8-4DF5-98E9-00B0E777B66B}.Release|Any CPU.Build.0 = Release|Any CPU
	EndGlobalSection
	GlobalSection(SolutionProperties) = preSolution
		HideSolutionNode = FALSE
	EndGlobalSection
	GlobalSection(ExtensibilityGlobals) = postSolution
		SolutionGuid = {FA9319A4-ACA7-4B89-9C30-B030A1BE2BCD}
	EndGlobalSection
EndGlobal
